
Microsoft Visual Studio Solution File, Format Version 12.00
# Visual Studio Version 17
VisualStudioVersion = 17.0.32112.339
MinimumVisualStudioVersion = 10.0.40219.1
Project("{2150E333-8FDC-42A3-9474-1A3956D46DE8}") = "Services", "Services", "{D21A3528-A04B-4FCB-8023-10E873C74BA8}"
EndProject
Project("{2150E333-8FDC-42A3-9474-1A3956D46DE8}") = "Catalog", "Catalog", "{852D1358-69A6-4F68-8C81-CE77EFC4D58F}"
EndProject
Project("{9A19103F-16F7-4668-BE54-9A1E7A4F7556}") = "Catalog.API", "Services\Catalog\Catalog.API\Catalog.API.csproj", "{7CF532C9-92D9-42B1-8111-9F8BA5B4A8E5}"
EndProject
Project("{E53339B2-1760-4266-BCC7-CA923CBCF16C}") = "docker-compose", "docker-compose.dcproj", "{ED9945E7-6EC6-45C1-A967-9AA6766DE198}"
EndProject
Project("{2150E333-8FDC-42A3-9474-1A3956D46DE8}") = "Basket", "Basket", "{ED5DD67E-313A-429E-A96F-0E910DF93B21}"
EndProject
Project("{9A19103F-16F7-4668-BE54-9A1E7A4F7556}") = "Basket.API", "Services\Basket\Basket.API\Basket.API.csproj", "{63DB2D91-FC27-4115-8DDD-B09593D5CE31}"
EndProject
Project("{2150E333-8FDC-42A3-9474-1A3956D46DE8}") = "Discount", "Discount", "{E08B24EC-4331-48C7-B2CB-B8BB4453B5D0}"
EndProject
Project("{9A19103F-16F7-4668-BE54-9A1E7A4F7556}") = "Discount.API", "Services\Discount\Discount.API\Discount.API.csproj", "{A4D454A5-FAF6-4BDB-B16E-F592E113F09F}"
EndProject
Project("{9A19103F-16F7-4668-BE54-9A1E7A4F7556}") = "Discount.Grpc", "Services\Discount\Discount.Grpc\Discount.Grpc.csproj", "{F3DE27F0-5121-4923-983D-BFDE29BC116C}"
EndProject
Project("{2150E333-8FDC-42A3-9474-1A3956D46DE8}") = "Ordering", "Ordering", "{772A79E3-F986-4C4F-840B-4074F44A6526}"
EndProject
Project("{9A19103F-16F7-4668-BE54-9A1E7A4F7556}") = "Ordering.API", "Services\Ordering\Ordering.API\Ordering.API.csproj", "{3ED6A98B-A835-4D70-B70F-7B33D6BF9695}"
EndProject
Project("{9A19103F-16F7-4668-BE54-9A1E7A4F7556}") = "Ordering.Domain", "Services\Ordering\Ordering.Domain\Ordering.Domain.csproj", "{79AFA924-4973-4D17-9E98-3A4367542D21}"
EndProject
Project("{9A19103F-16F7-4668-BE54-9A1E7A4F7556}") = "Ordering.Application", "Services\Ordering\Ordering.Application\Ordering.Application.csproj", "{6DF1E298-3091-4130-A253-62530A2920EC}"
EndProject
Project("{9A19103F-16F7-4668-BE54-9A1E7A4F7556}") = "Ordering.Infrastructure", "Services\Ordering\Ordering.Infrastructure\Ordering.Infrastructure.csproj", "{3390C67E-DFEB-4594-8691-B2DC53358BE1}"
EndProject
Project("{2150E333-8FDC-42A3-9474-1A3956D46DE8}") = "BuildingBlocks", "BuildingBlocks", "{3647F945-E572-4160-B033-D475BDA709A9}"
EndProject
Project("{FAE04EC0-301F-11D3-BF4B-00C04F79EFBC}") = "EventBus.Messages", "BuildingBlocks\EventBus.Messages\EventBus.Messages.csproj", "{AA44A60E-25A9-457C-BEC9-33863BCE5801}"
EndProject
Global
	GlobalSection(SolutionConfigurationPlatforms) = preSolution
		Debug|Any CPU = Debug|Any CPU
		Release|Any CPU = Release|Any CPU
	EndGlobalSection
	GlobalSection(ProjectConfigurationPlatforms) = postSolution
		{7CF532C9-92D9-42B1-8111-9F8BA5B4A8E5}.Debug|Any CPU.ActiveCfg = Debug|Any CPU
		{7CF532C9-92D9-42B1-8111-9F8BA5B4A8E5}.Debug|Any CPU.Build.0 = Debug|Any CPU
		{7CF532C9-92D9-42B1-8111-9F8BA5B4A8E5}.Release|Any CPU.ActiveCfg = Release|Any CPU
		{7CF532C9-92D9-42B1-8111-9F8BA5B4A8E5}.Release|Any CPU.Build.0 = Release|Any CPU
		{ED9945E7-6EC6-45C1-A967-9AA6766DE198}.Debug|Any CPU.ActiveCfg = Debug|Any CPU
		{ED9945E7-6EC6-45C1-A967-9AA6766DE198}.Debug|Any CPU.Build.0 = Debug|Any CPU
		{ED9945E7-6EC6-45C1-A967-9AA6766DE198}.Release|Any CPU.ActiveCfg = Release|Any CPU
		{ED9945E7-6EC6-45C1-A967-9AA6766DE198}.Release|Any CPU.Build.0 = Release|Any CPU
		{63DB2D91-FC27-4115-8DDD-B09593D5CE31}.Debug|Any CPU.ActiveCfg = Debug|Any CPU
		{63DB2D91-FC27-4115-8DDD-B09593D5CE31}.Debug|Any CPU.Build.0 = Debug|Any CPU
		{63DB2D91-FC27-4115-8DDD-B09593D5CE31}.Release|Any CPU.ActiveCfg = Release|Any CPU
		{63DB2D91-FC27-4115-8DDD-B09593D5CE31}.Release|Any CPU.Build.0 = Release|Any CPU
		{A4D454A5-FAF6-4BDB-B16E-F592E113F09F}.Debug|Any CPU.ActiveCfg = Debug|Any CPU
		{A4D454A5-FAF6-4BDB-B16E-F592E113F09F}.Debug|Any CPU.Build.0 = Debug|Any CPU
		{A4D454A5-FAF6-4BDB-B16E-F592E113F09F}.Release|Any CPU.ActiveCfg = Release|Any CPU
		{A4D454A5-FAF6-4BDB-B16E-F592E113F09F}.Release|Any CPU.Build.0 = Release|Any CPU
		{F3DE27F0-5121-4923-983D-BFDE29BC116C}.Debug|Any CPU.ActiveCfg = Debug|Any CPU
		{F3DE27F0-5121-4923-983D-BFDE29BC116C}.Debug|Any CPU.Build.0 = Debug|Any CPU
		{F3DE27F0-5121-4923-983D-BFDE29BC116C}.Release|Any CPU.ActiveCfg = Release|Any CPU
		{F3DE27F0-5121-4923-983D-BFDE29BC116C}.Release|Any CPU.Build.0 = Release|Any CPU
		{3ED6A98B-A835-4D70-B70F-7B33D6BF9695}.Debug|Any CPU.ActiveCfg = Debug|Any CPU
		{3ED6A98B-A835-4D70-B70F-7B33D6BF9695}.Debug|Any CPU.Build.0 = Debug|Any CPU
		{3ED6A98B-A835-4D70-B70F-7B33D6BF9695}.Release|Any CPU.ActiveCfg = Release|Any CPU
		{3ED6A98B-A835-4D70-B70F-7B33D6BF9695}.Release|Any CPU.Build.0 = Release|Any CPU
		{79AFA924-4973-4D17-9E98-3A4367542D21}.Debug|Any CPU.ActiveCfg = Debug|Any CPU
		{79AFA924-4973-4D17-9E98-3A4367542D21}.Debug|Any CPU.Build.0 = Debug|Any CPU
		{79AFA924-4973-4D17-9E98-3A4367542D21}.Release|Any CPU.ActiveCfg = Release|Any CPU
		{79AFA924-4973-4D17-9E98-3A4367542D21}.Release|Any CPU.Build.0 = Release|Any CPU
		{6DF1E298-3091-4130-A253-62530A2920EC}.Debug|Any CPU.ActiveCfg = Debug|Any CPU
		{6DF1E298-3091-4130-A253-62530A2920EC}.Debug|Any CPU.Build.0 = Debug|Any CPU
		{6DF1E298-3091-4130-A253-62530A2920EC}.Release|Any CPU.ActiveCfg = Release|Any CPU
		{6DF1E298-3091-4130-A253-62530A2920EC}.Release|Any CPU.Build.0 = Release|Any CPU
		{3390C67E-DFEB-4594-8691-B2DC53358BE1}.Debug|Any CPU.ActiveCfg = Debug|Any CPU
		{3390C67E-DFEB-4594-8691-B2DC53358BE1}.Debug|Any CPU.Build.0 = Debug|Any CPU
		{3390C67E-DFEB-4594-8691-B2DC53358BE1}.Release|Any CPU.ActiveCfg = Release|Any CPU
		{3390C67E-DFEB-4594-8691-B2DC53358BE1}.Release|Any CPU.Build.0 = Release|Any CPU
		{AA44A60E-25A9-457C-BEC9-33863BCE5801}.Debug|Any CPU.ActiveCfg = Debug|Any CPU
		{AA44A60E-25A9-457C-BEC9-33863BCE5801}.Debug|Any CPU.Build.0 = Debug|Any CPU
		{AA44A60E-25A9-457C-BEC9-33863BCE5801}.Release|Any CPU.ActiveCfg = Release|Any CPU
		{AA44A60E-25A9-457C-BEC9-33863BCE5801}.Release|Any CPU.Build.0 = Release|Any CPU
	EndGlobalSection
	GlobalSection(SolutionProperties) = preSolution
		HideSolutionNode = FALSE
	EndGlobalSection
	GlobalSection(NestedProjects) = preSolution
		{852D1358-69A6-4F68-8C81-CE77EFC4D58F} = {D21A3528-A04B-4FCB-8023-10E873C74BA8}
		{7CF532C9-92D9-42B1-8111-9F8BA5B4A8E5} = {852D1358-69A6-4F68-8C81-CE77EFC4D58F}
		{ED5DD67E-313A-429E-A96F-0E910DF93B21} = {D21A3528-A04B-4FCB-8023-10E873C74BA8}
		{63DB2D91-FC27-4115-8DDD-B09593D5CE31} = {ED5DD67E-313A-429E-A96F-0E910DF93B21}
		{E08B24EC-4331-48C7-B2CB-B8BB4453B5D0} = {D21A3528-A04B-4FCB-8023-10E873C74BA8}
		{A4D454A5-FAF6-4BDB-B16E-F592E113F09F} = {E08B24EC-4331-48C7-B2CB-B8BB4453B5D0}
		{F3DE27F0-5121-4923-983D-BFDE29BC116C} = {E08B24EC-4331-48C7-B2CB-B8BB4453B5D0}
		{772A79E3-F986-4C4F-840B-4074F44A6526} = {D21A3528-A04B-4FCB-8023-10E873C74BA8}
		{3ED6A98B-A835-4D70-B70F-7B33D6BF9695} = {772A79E3-F986-4C4F-840B-4074F44A6526}
		{79AFA924-4973-4D17-9E98-3A4367542D21} = {772A79E3-F986-4C4F-840B-4074F44A6526}
		{6DF1E298-3091-4130-A253-62530A2920EC} = {772A79E3-F986-4C4F-840B-4074F44A6526}
		{3390C67E-DFEB-4594-8691-B2DC53358BE1} = {772A79E3-F986-4C4F-840B-4074F44A6526}
		{AA44A60E-25A9-457C-BEC9-33863BCE5801} = {3647F945-E572-4160-B033-D475BDA709A9}
	EndGlobalSection
	GlobalSection(ExtensibilityGlobals) = postSolution
		SolutionGuid = {4DB7E9B2-9628-4576-BF91-8F8A835A339A}
	EndGlobalSection
EndGlobal
